
Microsoft Visual Studio Solution File, Format Version 12.00
# Visual Studio Version 16
VisualStudioVersion = 16.0.31005.135
MinimumVisualStudioVersion = 10.0.40219.1
Project("{9A19103F-16F7-4668-BE54-9A1E7A4F7556}") = "Bonapio4Database", "Bonapio4Database\Bonapio4Database.csproj", "{D3A18620-AC04-4146-8991-7EE261490793}"
EndProject
Project("{FAE04EC0-301F-11D3-BF4B-00C04F79EFBC}") = "Bonapio4", "Bonapio4\Bonapio4.csproj", "{76DB5C55-B3FA-4FC3-AA41-96FD11C48F71}"
EndProject
Global
	GlobalSection(SolutionConfigurationPlatforms) = preSolution
		Debug|Any CPU = Debug|Any CPU
		Release|Any CPU = Release|Any CPU
	EndGlobalSection
	GlobalSection(ProjectConfigurationPlatforms) = postSolution
		{D3A18620-AC04-4146-8991-7EE261490793}.Debug|Any CPU.ActiveCfg = Debug|Any CPU
		{D3A18620-AC04-4146-8991-7EE261490793}.Debug|Any CPU.Build.0 = Debug|Any CPU
		{D3A18620-AC04-4146-8991-7EE261490793}.Release|Any CPU.ActiveCfg = Release|Any CPU
		{D3A18620-AC04-4146-8991-7EE261490793}.Release|Any CPU.Build.0 = Release|Any CPU
		{76DB5C55-B3FA-4FC3-AA41-96FD11C48F71}.Debug|Any CPU.ActiveCfg = Debug|Any CPU
		{76DB5C55-B3FA-4FC3-AA41-96FD11C48F71}.Debug|Any CPU.Build.0 = Debug|Any CPU
		{76DB5C55-B3FA-4FC3-AA41-96FD11C48F71}.Release|Any CPU.ActiveCfg = Release|Any CPU
		{76DB5C55-B3FA-4FC3-AA41-96FD11C48F71}.Release|Any CPU.Build.0 = Release|Any CPU
	EndGlobalSection
	GlobalSection(SolutionProperties) = preSolution
		HideSolutionNode = FALSE
	EndGlobalSection
	GlobalSection(ExtensibilityGlobals) = postSolution
		SolutionGuid = {651895DD-8DD9-449C-91E0-855131074FAE}
	EndGlobalSection
EndGlobal
